
Microsoft Visual Studio Solution File, Format Version 12.00
# Visual Studio 15
VisualStudioVersion = 15.0.28307.1622
MinimumVisualStudioVersion = 10.0.40219.1
Project("{FAE04EC0-301F-11D3-BF4B-00C04F79EFBC}") = "CrudOperation", "CrudOperation\CrudOperation.csproj", "{B194DEE1-8830-4763-82DA-B44B034B0D14}"
EndProject
Global
	GlobalSection(SolutionConfigurationPlatforms) = preSolution
		Debug|Any CPU = Debug|Any CPU
		Release|Any CPU = Release|Any CPU
	EndGlobalSection
	GlobalSection(ProjectConfigurationPlatforms) = postSolution
		{B194DEE1-8830-4763-82DA-B44B034B0D14}.Debug|Any CPU.ActiveCfg = Debug|Any CPU
		{B194DEE1-8830-4763-82DA-B44B034B0D14}.Debug|Any CPU.Build.0 = Debug|Any CPU
		{B194DEE1-8830-4763-82DA-B44B034B0D14}.Release|Any CPU.ActiveCfg = Release|Any CPU
		{B194DEE1-8830-4763-82DA-B44B034B0D14}.Release|Any CPU.Build.0 = Release|Any CPU
	EndGlobalSection
	GlobalSection(SolutionProperties) = preSolution
		HideSolutionNode = FALSE
	EndGlobalSection
	GlobalSection(ExtensibilityGlobals) = postSolution
		SolutionGuid = {0FBF8404-E2B8-4404-9161-35CBE972D0E9}
	EndGlobalSection
EndGlobal
